
Microsoft Visual Studio Solution File, Format Version 10.00
# Visual Studio 2008
Project("{8BC9CEB8-8B4A-11D0-8D11-00A0C91BC942}") = "Sm2201SpectrumSaver", "Sm2201SpectrumSaver\Sm2201SpectrumSaver.vcproj", "{4ADEA841-473D-48CC-903E-2ECA798DADB6}"
EndProject
Project("{8BC9CEB8-8B4A-11D0-8D11-00A0C91BC942}") = "Sm2201SpectrumSaver.Tests", "Sm2201SpectrumSaver.Tests\Sm2201SpectrumSaver.Tests.vcproj", "{3CC9C9B6-72EF-4656-B431-8CED4786D767}"
EndProject
Global
	GlobalSection(TestCaseManagementSettings) = postSolution
		CategoryFile = Sm2201SpectrumSaver.vsmdi
	EndGlobalSection
	GlobalSection(SolutionConfigurationPlatforms) = preSolution
		Debug|Win32 = Debug|Win32
		Release|Win32 = Release|Win32
	EndGlobalSection
	GlobalSection(ProjectConfigurationPlatforms) = postSolution
		{4ADEA841-473D-48CC-903E-2ECA798DADB6}.Debug|Win32.ActiveCfg = Debug|Win32
		{4ADEA841-473D-48CC-903E-2ECA798DADB6}.Debug|Win32.Build.0 = Debug|Win32
		{4ADEA841-473D-48CC-903E-2ECA798DADB6}.Release|Win32.ActiveCfg = Release|Win32
		{4ADEA841-473D-48CC-903E-2ECA798DADB6}.Release|Win32.Build.0 = Release|Win32
		{3CC9C9B6-72EF-4656-B431-8CED4786D767}.Debug|Win32.ActiveCfg = Debug|Win32
		{3CC9C9B6-72EF-4656-B431-8CED4786D767}.Debug|Win32.Build.0 = Debug|Win32
		{3CC9C9B6-72EF-4656-B431-8CED4786D767}.Release|Win32.ActiveCfg = Release|Win32
		{3CC9C9B6-72EF-4656-B431-8CED4786D767}.Release|Win32.Build.0 = Release|Win32
	EndGlobalSection
	GlobalSection(SolutionProperties) = preSolution
		HideSolutionNode = FALSE
	EndGlobalSection
EndGlobal
